
Microsoft Visual Studio Solution File, Format Version 12.00
# Visual Studio Version 17
VisualStudioVersion = 17.3.32819.101
MinimumVisualStudioVersion = 10.0.40219.1
Project("{FAE04EC0-301F-11D3-BF4B-00C04F79EFBC}") = "JenkinsDemo", "JenkinsDemo\JenkinsDemo.csproj", "{8F8B3334-74A8-4FC1-85AE-356D2D415874}"
EndProject
Project("{FAE04EC0-301F-11D3-BF4B-00C04F79EFBC}") = "CalculatorTestProject", "CalculatorTestProject\CalculatorTestProject.csproj", "{A89296F8-5E1D-4190-8346-7FAB37AD5DF5}"
EndProject
Global
	GlobalSection(SolutionConfigurationPlatforms) = preSolution
		Debug|Any CPU = Debug|Any CPU
		Release|Any CPU = Release|Any CPU
	EndGlobalSection
	GlobalSection(ProjectConfigurationPlatforms) = postSolution
		{8F8B3334-74A8-4FC1-85AE-356D2D415874}.Debug|Any CPU.ActiveCfg = Debug|Any CPU
		{8F8B3334-74A8-4FC1-85AE-356D2D415874}.Debug|Any CPU.Build.0 = Debug|Any CPU
		{8F8B3334-74A8-4FC1-85AE-356D2D415874}.Release|Any CPU.ActiveCfg = Release|Any CPU
		{8F8B3334-74A8-4FC1-85AE-356D2D415874}.Release|Any CPU.Build.0 = Release|Any CPU
		{A89296F8-5E1D-4190-8346-7FAB37AD5DF5}.Debug|Any CPU.ActiveCfg = Debug|Any CPU
		{A89296F8-5E1D-4190-8346-7FAB37AD5DF5}.Debug|Any CPU.Build.0 = Debug|Any CPU
		{A89296F8-5E1D-4190-8346-7FAB37AD5DF5}.Release|Any CPU.ActiveCfg = Release|Any CPU
		{A89296F8-5E1D-4190-8346-7FAB37AD5DF5}.Release|Any CPU.Build.0 = Release|Any CPU
	EndGlobalSection
	GlobalSection(SolutionProperties) = preSolution
		HideSolutionNode = FALSE
	EndGlobalSection
	GlobalSection(ExtensibilityGlobals) = postSolution
		SolutionGuid = {C8BE6EA2-39F1-4A4D-86EF-E77637702DE0}
	EndGlobalSection
EndGlobal
